
Microsoft Visual Studio Solution File, Format Version 12.00
# Visual Studio Version 17
VisualStudioVersion = 17.8.34330.188
MinimumVisualStudioVersion = 10.0.40219.1
Project("{FAE04EC0-301F-11D3-BF4B-00C04F79EFBC}") = "PhaseEnd_Project2", "PhaseEnd_Project2\PhaseEnd_Project2.csproj", "{71369CC7-7099-4B95-AD42-08E28D3C6FF4}"
EndProject
Global
	GlobalSection(SolutionConfigurationPlatforms) = preSolution
		Debug|Any CPU = Debug|Any CPU
		Release|Any CPU = Release|Any CPU
	EndGlobalSection
	GlobalSection(ProjectConfigurationPlatforms) = postSolution
		{71369CC7-7099-4B95-AD42-08E28D3C6FF4}.Debug|Any CPU.ActiveCfg = Debug|Any CPU
		{71369CC7-7099-4B95-AD42-08E28D3C6FF4}.Debug|Any CPU.Build.0 = Debug|Any CPU
		{71369CC7-7099-4B95-AD42-08E28D3C6FF4}.Release|Any CPU.ActiveCfg = Release|Any CPU
		{71369CC7-7099-4B95-AD42-08E28D3C6FF4}.Release|Any CPU.Build.0 = Release|Any CPU
	EndGlobalSection
	GlobalSection(SolutionProperties) = preSolution
		HideSolutionNode = FALSE
	EndGlobalSection
	GlobalSection(ExtensibilityGlobals) = postSolution
		SolutionGuid = {52018679-6D30-4B1B-A4AC-8745D1201CC8}
	EndGlobalSection
EndGlobal
